
Microsoft Visual Studio Solution File, Format Version 12.00
# Visual Studio Version 17
VisualStudioVersion = 17.14.36623.8 d17.14
MinimumVisualStudioVersion = 10.0.40219.1
Project("{FAE04EC0-301F-11D3-BF4B-00C04F79EFBC}") = "ProcessMap.Api", "ProcessMap.Api.csproj", "{B0BE17CF-DF89-5A49-C9B6-CDB9F902309A}"
EndProject
Global
	GlobalSection(SolutionConfigurationPlatforms) = preSolution
		Debug|Any CPU = Debug|Any CPU
		Release|Any CPU = Release|Any CPU
	EndGlobalSection
	GlobalSection(ProjectConfigurationPlatforms) = postSolution
		{B0BE17CF-DF89-5A49-C9B6-CDB9F902309A}.Debug|Any CPU.ActiveCfg = Debug|Any CPU
		{B0BE17CF-DF89-5A49-C9B6-CDB9F902309A}.Debug|Any CPU.Build.0 = Debug|Any CPU
		{B0BE17CF-DF89-5A49-C9B6-CDB9F902309A}.Release|Any CPU.ActiveCfg = Release|Any CPU
		{B0BE17CF-DF89-5A49-C9B6-CDB9F902309A}.Release|Any CPU.Build.0 = Release|Any CPU
	EndGlobalSection
	GlobalSection(SolutionProperties) = preSolution
		HideSolutionNode = FALSE
	EndGlobalSection
	GlobalSection(ExtensibilityGlobals) = postSolution
		SolutionGuid = {79FFB3D6-9259-4E84-8CCB-CD1076E6CE2E}
	EndGlobalSection
EndGlobal
